
Microsoft Visual Studio Solution File, Format Version 12.00
# Visual Studio 15
VisualStudioVersion = 15.0.28010.2041
MinimumVisualStudioVersion = 10.0.40219.1
Project("{2150E333-8FDC-42A3-9474-1A3956D46DE8}") = "3 - Infra", "3 - Infra", "{1BCFB965-502F-45D9-8667-AFCAD8C3856A}"
EndProject
Project("{2150E333-8FDC-42A3-9474-1A3956D46DE8}") = "3.2 - CrossCutting", "3.2 - CrossCutting", "{73CC7D4E-A4C4-437E-97D7-9D822DCADFA3}"
EndProject
Project("{2150E333-8FDC-42A3-9474-1A3956D46DE8}") = "3.1 - Data", "3.1 - Data", "{034A9EA5-EFB7-4B81-A389-D2CA72767069}"
EndProject
Project("{FAE04EC0-301F-11D3-BF4B-00C04F79EFBC}") = "IO.Infra.Data", "src\IO.Infra.Data\IO.Infra.Data.csproj", "{0706E28F-1837-41CA-95B3-2F60B4CE6286}"
EndProject
Project("{FAE04EC0-301F-11D3-BF4B-00C04F79EFBC}") = "IO.Infra.CrossCutting.AspNetFilters", "src\IO.Infra.CrossCutting.AspNetFilters\IO.Infra.CrossCutting.AspNetFilters.csproj", "{BE3C59D1-4688-46EF-9AFB-DC59A5585BFA}"
EndProject
Project("{FAE04EC0-301F-11D3-BF4B-00C04F79EFBC}") = "IO.Infra.CrossCutting.Identity", "src\IO.Infra.CrossCutting.Identity\IO.Infra.CrossCutting.Identity.csproj", "{A4B80E4A-6E9D-415B-91EF-D1C652D2232A}"
EndProject
Project("{FAE04EC0-301F-11D3-BF4B-00C04F79EFBC}") = "IO.Infra.CrossCutting.IoC", "src\IO.Infra.CrossCutting.IoC\IO.Infra.CrossCutting.IoC.csproj", "{D88AF694-77E5-4730-A511-0E71A22994B0}"
EndProject
Project("{2150E333-8FDC-42A3-9474-1A3956D46DE8}") = "2 - Domain", "2 - Domain", "{857DB3BC-2F91-4948-BDC8-2A86A53C71A2}"
EndProject
Project("{2150E333-8FDC-42A3-9474-1A3956D46DE8}") = "1 - Services", "1 - Services", "{2F961894-A6EE-4373-A26E-3A26AF76240A}"
EndProject
Project("{FAE04EC0-301F-11D3-BF4B-00C04F79EFBC}") = "IO.Domain.Core", "src\IO.Domain.Core\IO.Domain.Core.csproj", "{E3DFB410-73D6-488B-ADF5-977121EB2016}"
EndProject
Project("{FAE04EC0-301F-11D3-BF4B-00C04F79EFBC}") = "IO.Web.Services.Api", "src\IO.Web.Services.Api\IO.Web.Services.Api.csproj", "{C984243F-A5BA-437D-B0FD-35D098BDB78E}"
EndProject
Project("{FAE04EC0-301F-11D3-BF4B-00C04F79EFBC}") = "IO.Domain", "src\IO.Domain\IO.Domain.csproj", "{FDCFA759-8E39-4DFB-9620-BB1C4E5DF61A}"
EndProject
Global
	GlobalSection(SolutionConfigurationPlatforms) = preSolution
		Debug|Any CPU = Debug|Any CPU
		Release|Any CPU = Release|Any CPU
	EndGlobalSection
	GlobalSection(ProjectConfigurationPlatforms) = postSolution
		{0706E28F-1837-41CA-95B3-2F60B4CE6286}.Debug|Any CPU.ActiveCfg = Debug|Any CPU
		{0706E28F-1837-41CA-95B3-2F60B4CE6286}.Debug|Any CPU.Build.0 = Debug|Any CPU
		{0706E28F-1837-41CA-95B3-2F60B4CE6286}.Release|Any CPU.ActiveCfg = Release|Any CPU
		{0706E28F-1837-41CA-95B3-2F60B4CE6286}.Release|Any CPU.Build.0 = Release|Any CPU
		{BE3C59D1-4688-46EF-9AFB-DC59A5585BFA}.Debug|Any CPU.ActiveCfg = Debug|Any CPU
		{BE3C59D1-4688-46EF-9AFB-DC59A5585BFA}.Debug|Any CPU.Build.0 = Debug|Any CPU
		{BE3C59D1-4688-46EF-9AFB-DC59A5585BFA}.Release|Any CPU.ActiveCfg = Release|Any CPU
		{BE3C59D1-4688-46EF-9AFB-DC59A5585BFA}.Release|Any CPU.Build.0 = Release|Any CPU
		{A4B80E4A-6E9D-415B-91EF-D1C652D2232A}.Debug|Any CPU.ActiveCfg = Debug|Any CPU
		{A4B80E4A-6E9D-415B-91EF-D1C652D2232A}.Debug|Any CPU.Build.0 = Debug|Any CPU
		{A4B80E4A-6E9D-415B-91EF-D1C652D2232A}.Release|Any CPU.ActiveCfg = Release|Any CPU
		{A4B80E4A-6E9D-415B-91EF-D1C652D2232A}.Release|Any CPU.Build.0 = Release|Any CPU
		{D88AF694-77E5-4730-A511-0E71A22994B0}.Debug|Any CPU.ActiveCfg = Debug|Any CPU
		{D88AF694-77E5-4730-A511-0E71A22994B0}.Debug|Any CPU.Build.0 = Debug|Any CPU
		{D88AF694-77E5-4730-A511-0E71A22994B0}.Release|Any CPU.ActiveCfg = Release|Any CPU
		{D88AF694-77E5-4730-A511-0E71A22994B0}.Release|Any CPU.Build.0 = Release|Any CPU
		{E3DFB410-73D6-488B-ADF5-977121EB2016}.Debug|Any CPU.ActiveCfg = Debug|Any CPU
		{E3DFB410-73D6-488B-ADF5-977121EB2016}.Debug|Any CPU.Build.0 = Debug|Any CPU
		{E3DFB410-73D6-488B-ADF5-977121EB2016}.Release|Any CPU.ActiveCfg = Release|Any CPU
		{E3DFB410-73D6-488B-ADF5-977121EB2016}.Release|Any CPU.Build.0 = Release|Any CPU
		{C984243F-A5BA-437D-B0FD-35D098BDB78E}.Debug|Any CPU.ActiveCfg = Debug|Any CPU
		{C984243F-A5BA-437D-B0FD-35D098BDB78E}.Debug|Any CPU.Build.0 = Debug|Any CPU
		{C984243F-A5BA-437D-B0FD-35D098BDB78E}.Release|Any CPU.ActiveCfg = Release|Any CPU
		{C984243F-A5BA-437D-B0FD-35D098BDB78E}.Release|Any CPU.Build.0 = Release|Any CPU
		{FDCFA759-8E39-4DFB-9620-BB1C4E5DF61A}.Debug|Any CPU.ActiveCfg = Debug|Any CPU
		{FDCFA759-8E39-4DFB-9620-BB1C4E5DF61A}.Debug|Any CPU.Build.0 = Debug|Any CPU
		{FDCFA759-8E39-4DFB-9620-BB1C4E5DF61A}.Release|Any CPU.ActiveCfg = Release|Any CPU
		{FDCFA759-8E39-4DFB-9620-BB1C4E5DF61A}.Release|Any CPU.Build.0 = Release|Any CPU
	EndGlobalSection
	GlobalSection(SolutionProperties) = preSolution
		HideSolutionNode = FALSE
	EndGlobalSection
	GlobalSection(NestedProjects) = preSolution
		{73CC7D4E-A4C4-437E-97D7-9D822DCADFA3} = {1BCFB965-502F-45D9-8667-AFCAD8C3856A}
		{034A9EA5-EFB7-4B81-A389-D2CA72767069} = {1BCFB965-502F-45D9-8667-AFCAD8C3856A}
		{0706E28F-1837-41CA-95B3-2F60B4CE6286} = {034A9EA5-EFB7-4B81-A389-D2CA72767069}
		{BE3C59D1-4688-46EF-9AFB-DC59A5585BFA} = {73CC7D4E-A4C4-437E-97D7-9D822DCADFA3}
		{A4B80E4A-6E9D-415B-91EF-D1C652D2232A} = {73CC7D4E-A4C4-437E-97D7-9D822DCADFA3}
		{D88AF694-77E5-4730-A511-0E71A22994B0} = {73CC7D4E-A4C4-437E-97D7-9D822DCADFA3}
		{E3DFB410-73D6-488B-ADF5-977121EB2016} = {857DB3BC-2F91-4948-BDC8-2A86A53C71A2}
		{C984243F-A5BA-437D-B0FD-35D098BDB78E} = {2F961894-A6EE-4373-A26E-3A26AF76240A}
		{FDCFA759-8E39-4DFB-9620-BB1C4E5DF61A} = {857DB3BC-2F91-4948-BDC8-2A86A53C71A2}
	EndGlobalSection
	GlobalSection(ExtensibilityGlobals) = postSolution
		SolutionGuid = {4A59F8DD-6756-44B1-A07D-6EE1FA1905F5}
	EndGlobalSection
EndGlobal
